{
  "version": 4,
  "terraform_version": "1.11.2",
  "serial": 161,
  "lineage": "01b4bf2f-6632-f511-05df-73df8c0b64c6",
  "outputs": {},
  "resources": [
    {
      "mode": "managed",
      "type": "azurerm_management_group",
      "name": "mg-Identity",
      "provider": "provider[\"registry.terraform.io/hashicorp/azurerm\"]",
      "instances": [
        {
          "schema_version": 0,
          "attributes": {
            "display_name": "mg-Identity",
            "id": "/providers/Microsoft.Management/managementGroups/c964600f-3656-48d4-8f00-260578f4a97e",
            "name": "c964600f-3656-48d4-8f00-260578f4a97e",
            "parent_management_group_id": "/providers/Microsoft.Management/managementGroups/5f30de69-1109-44b0-aa66-ce555cee2283",
            "subscription_ids": [],
            "tenant_scoped_id": "/tenants/b109fcb2-65b1-4676-ba01-57c2ab509d59/providers/Microsoft.Management/managementGroups/c964600f-3656-48d4-8f00-260578f4a97e",
            "timeouts": null
          },
          "sensitive_attributes": [],
          "private": "eyJlMmJmYjczMC1lY2FhLTExZTYtOGY4OC0zNDM2M2JjN2M0YzAiOnsiY3JlYXRlIjoxODAwMDAwMDAwMDAwLCJkZWxldGUiOjE4MDAwMDAwMDAwMDAsInJlYWQiOjMwMDAwMDAwMDAwMCwidXBkYXRlIjoxODAwMDAwMDAwMDAwfX0="
        }
      ]
    },
    {
      "mode": "managed",
      "type": "azurerm_management_group",
      "name": "mg-connectivity",
      "provider": "provider[\"registry.terraform.io/hashicorp/azurerm\"]",
      "instances": [
        {
          "schema_version": 0,
          "attributes": {
            "display_name": "mg-connectivity",
            "id": "/providers/Microsoft.Management/managementGroups/696ecade-863b-4709-af2a-2f77986cf483",
            "name": "696ecade-863b-4709-af2a-2f77986cf483",
            "parent_management_group_id": "/providers/Microsoft.Management/managementGroups/5f30de69-1109-44b0-aa66-ce555cee2283",
            "subscription_ids": [],
            "tenant_scoped_id": "/tenants/b109fcb2-65b1-4676-ba01-57c2ab509d59/providers/Microsoft.Management/managementGroups/696ecade-863b-4709-af2a-2f77986cf483",
            "timeouts": null
          },
          "sensitive_attributes": [],
          "private": "eyJlMmJmYjczMC1lY2FhLTExZTYtOGY4OC0zNDM2M2JjN2M0YzAiOnsiY3JlYXRlIjoxODAwMDAwMDAwMDAwLCJkZWxldGUiOjE4MDAwMDAwMDAwMDAsInJlYWQiOjMwMDAwMDAwMDAwMCwidXBkYXRlIjoxODAwMDAwMDAwMDAwfX0="
        }
      ]
    },
    {
      "mode": "managed",
      "type": "azurerm_management_group",
      "name": "mg-landingzones",
      "provider": "provider[\"registry.terraform.io/hashicorp/azurerm\"]",
      "instances": [
        {
          "schema_version": 0,
          "attributes": {
            "display_name": "mg-landingzones",
            "id": "/providers/Microsoft.Management/managementGroups/5e8c2fd3-74c3-4095-9c3f-66e3409f44ce",
            "name": "5e8c2fd3-74c3-4095-9c3f-66e3409f44ce",
            "parent_management_group_id": "/providers/Microsoft.Management/managementGroups/1e090490-2dc3-4927-9ec9-e5ac20c29398",
            "subscription_ids": [],
            "tenant_scoped_id": "/tenants/b109fcb2-65b1-4676-ba01-57c2ab509d59/providers/Microsoft.Management/managementGroups/5e8c2fd3-74c3-4095-9c3f-66e3409f44ce",
            "timeouts": null
          },
          "sensitive_attributes": [],
          "private": "eyJlMmJmYjczMC1lY2FhLTExZTYtOGY4OC0zNDM2M2JjN2M0YzAiOnsiY3JlYXRlIjoxODAwMDAwMDAwMDAwLCJkZWxldGUiOjE4MDAwMDAwMDAwMDAsInJlYWQiOjMwMDAwMDAwMDAwMCwidXBkYXRlIjoxODAwMDAwMDAwMDAwfX0="
        }
      ]
    },
    {
      "mode": "managed",
      "type": "azurerm_management_group",
      "name": "mg-management",
      "provider": "provider[\"registry.terraform.io/hashicorp/azurerm\"]",
      "instances": [
        {
          "schema_version": 0,
          "attributes": {
            "display_name": "mg-management",
            "id": "/providers/Microsoft.Management/managementGroups/3f5826ca-b1e6-438c-ae7e-25a301f7019d",
            "name": "3f5826ca-b1e6-438c-ae7e-25a301f7019d",
            "parent_management_group_id": "/providers/Microsoft.Management/managementGroups/5f30de69-1109-44b0-aa66-ce555cee2283",
            "subscription_ids": [],
            "tenant_scoped_id": "/tenants/b109fcb2-65b1-4676-ba01-57c2ab509d59/providers/Microsoft.Management/managementGroups/3f5826ca-b1e6-438c-ae7e-25a301f7019d",
            "timeouts": null
          },
          "sensitive_attributes": [],
          "private": "eyJlMmJmYjczMC1lY2FhLTExZTYtOGY4OC0zNDM2M2JjN2M0YzAiOnsiY3JlYXRlIjoxODAwMDAwMDAwMDAwLCJkZWxldGUiOjE4MDAwMDAwMDAwMDAsInJlYWQiOjMwMDAwMDAwMDAwMCwidXBkYXRlIjoxODAwMDAwMDAwMDAwfX0="
        }
      ]
    },
    {
      "mode": "managed",
      "type": "azurerm_management_group",
      "name": "mg-mleu-ag",
      "provider": "provider[\"registry.terraform.io/hashicorp/azurerm\"]",
      "instances": [
        {
          "schema_version": 0,
          "attributes": {
            "display_name": "mg-mleu-ag",
            "id": "/providers/Microsoft.Management/managementGroups/1e090490-2dc3-4927-9ec9-e5ac20c29398",
            "name": "1e090490-2dc3-4927-9ec9-e5ac20c29398",
            "parent_management_group_id": "/providers/Microsoft.Management/managementGroups/b109fcb2-65b1-4676-ba01-57c2ab509d59",
            "subscription_ids": [],
            "tenant_scoped_id": "/tenants/b109fcb2-65b1-4676-ba01-57c2ab509d59/providers/Microsoft.Management/managementGroups/1e090490-2dc3-4927-9ec9-e5ac20c29398",
            "timeouts": null
          },
          "sensitive_attributes": [],
          "private": "eyJlMmJmYjczMC1lY2FhLTExZTYtOGY4OC0zNDM2M2JjN2M0YzAiOnsiY3JlYXRlIjoxODAwMDAwMDAwMDAwLCJkZWxldGUiOjE4MDAwMDAwMDAwMDAsInJlYWQiOjMwMDAwMDAwMDAwMCwidXBkYXRlIjoxODAwMDAwMDAwMDAwfX0="
        }
      ]
    },
    {
      "mode": "managed",
      "type": "azurerm_management_group",
      "name": "mg-plattform",
      "provider": "provider[\"registry.terraform.io/hashicorp/azurerm\"]",
      "instances": [
        {
          "schema_version": 0,
          "attributes": {
            "display_name": "mg-plattform",
            "id": "/providers/Microsoft.Management/managementGroups/5f30de69-1109-44b0-aa66-ce555cee2283",
            "name": "5f30de69-1109-44b0-aa66-ce555cee2283",
            "parent_management_group_id": "/providers/Microsoft.Management/managementGroups/1e090490-2dc3-4927-9ec9-e5ac20c29398",
            "subscription_ids": [],
            "tenant_scoped_id": "/tenants/b109fcb2-65b1-4676-ba01-57c2ab509d59/providers/Microsoft.Management/managementGroups/5f30de69-1109-44b0-aa66-ce555cee2283",
            "timeouts": null
          },
          "sensitive_attributes": [],
          "private": "eyJlMmJmYjczMC1lY2FhLTExZTYtOGY4OC0zNDM2M2JjN2M0YzAiOnsiY3JlYXRlIjoxODAwMDAwMDAwMDAwLCJkZWxldGUiOjE4MDAwMDAwMDAwMDAsInJlYWQiOjMwMDAwMDAwMDAwMCwidXBkYXRlIjoxODAwMDAwMDAwMDAwfX0="
        }
      ]
    }
  ],
  "check_results": null
}
